
Microsoft Visual Studio Solution File, Format Version 12.00
# Visual Studio Version 16
VisualStudioVersion = 16.0.32228.343
MinimumVisualStudioVersion = 10.0.40219.1
Project("{FAE04EC0-301F-11D3-BF4B-00C04F79EFBC}") = "HotelFinder.Entities", "HotelFinder.Entities\HotelFinder.Entities.csproj", "{BFA88D4E-F01C-43AB-A592-BAC077787114}"
EndProject
Project("{FAE04EC0-301F-11D3-BF4B-00C04F79EFBC}") = "HotelFinder.DataAccess", "HotelFinder.DataAccess\HotelFinder.DataAccess.csproj", "{4CCFE41B-1D79-4228-8E6C-DE5FC1E77FCF}"
EndProject
Project("{FAE04EC0-301F-11D3-BF4B-00C04F79EFBC}") = "HotelFinder.Business", "HotelFinder.Business\HotelFinder.Business.csproj", "{9C523CEB-8F57-483F-88DE-A333D7396FD9}"
EndProject
Project("{2150E333-8FDC-42A3-9474-1A3956D46DE8}") = "Solution Items", "Solution Items", "{19E9CBCA-DDE0-486B-8AD0-13AEA27774E8}"
	ProjectSection(SolutionItems) = preProject
		.editorconfig = .editorconfig
	EndProjectSection
EndProject
Project("{FAE04EC0-301F-11D3-BF4B-00C04F79EFBC}") = "HotelFinder.ApCore", "HotelFinder.ApCore\HotelFinder.ApCore.csproj", "{EC7FF7D2-F795-4CF3-A8C9-65D4635A7AA8}"
EndProject
Global
	GlobalSection(SolutionConfigurationPlatforms) = preSolution
		Debug|Any CPU = Debug|Any CPU
		Release|Any CPU = Release|Any CPU
	EndGlobalSection
	GlobalSection(ProjectConfigurationPlatforms) = postSolution
		{BFA88D4E-F01C-43AB-A592-BAC077787114}.Debug|Any CPU.ActiveCfg = Debug|Any CPU
		{BFA88D4E-F01C-43AB-A592-BAC077787114}.Debug|Any CPU.Build.0 = Debug|Any CPU
		{BFA88D4E-F01C-43AB-A592-BAC077787114}.Release|Any CPU.ActiveCfg = Release|Any CPU
		{BFA88D4E-F01C-43AB-A592-BAC077787114}.Release|Any CPU.Build.0 = Release|Any CPU
		{4CCFE41B-1D79-4228-8E6C-DE5FC1E77FCF}.Debug|Any CPU.ActiveCfg = Debug|Any CPU
		{4CCFE41B-1D79-4228-8E6C-DE5FC1E77FCF}.Debug|Any CPU.Build.0 = Debug|Any CPU
		{4CCFE41B-1D79-4228-8E6C-DE5FC1E77FCF}.Release|Any CPU.ActiveCfg = Release|Any CPU
		{4CCFE41B-1D79-4228-8E6C-DE5FC1E77FCF}.Release|Any CPU.Build.0 = Release|Any CPU
		{9C523CEB-8F57-483F-88DE-A333D7396FD9}.Debug|Any CPU.ActiveCfg = Debug|Any CPU
		{9C523CEB-8F57-483F-88DE-A333D7396FD9}.Debug|Any CPU.Build.0 = Debug|Any CPU
		{9C523CEB-8F57-483F-88DE-A333D7396FD9}.Release|Any CPU.ActiveCfg = Release|Any CPU
		{9C523CEB-8F57-483F-88DE-A333D7396FD9}.Release|Any CPU.Build.0 = Release|Any CPU
		{EC7FF7D2-F795-4CF3-A8C9-65D4635A7AA8}.Debug|Any CPU.ActiveCfg = Debug|Any CPU
		{EC7FF7D2-F795-4CF3-A8C9-65D4635A7AA8}.Debug|Any CPU.Build.0 = Debug|Any CPU
		{EC7FF7D2-F795-4CF3-A8C9-65D4635A7AA8}.Release|Any CPU.ActiveCfg = Release|Any CPU
		{EC7FF7D2-F795-4CF3-A8C9-65D4635A7AA8}.Release|Any CPU.Build.0 = Release|Any CPU
	EndGlobalSection
	GlobalSection(SolutionProperties) = preSolution
		HideSolutionNode = FALSE
	EndGlobalSection
	GlobalSection(ExtensibilityGlobals) = postSolution
		SolutionGuid = {F0C1ED11-DDCF-4333-97D0-26FA751D91AD}
	EndGlobalSection
EndGlobal
